
Microsoft Visual Studio Solution File, Format Version 12.00
# Visual Studio Version 16
VisualStudioVersion = 16.0.31624.102
MinimumVisualStudioVersion = 10.0.40219.1
Project("{FAE04EC0-301F-11D3-BF4B-00C04F79EFBC}") = "MvcCoreProje", "MvcCoreProje\MvcCoreProje.csproj", "{D1EE7377-A35A-4BE2-AB42-BC995B305006}"
EndProject
Project("{FAE04EC0-301F-11D3-BF4B-00C04F79EFBC}") = "EntitiyLayer", "EntitiyLayer\EntitiyLayer.csproj", "{1B4ED493-5E4A-4488-9072-816E1223F76F}"
EndProject
Project("{FAE04EC0-301F-11D3-BF4B-00C04F79EFBC}") = "DataAcceesLayer", "DataAcceesLayer\DataAcceesLayer.csproj", "{E5DB8453-4BF4-413E-95AF-7685EBFEC863}"
EndProject
Project("{FAE04EC0-301F-11D3-BF4B-00C04F79EFBC}") = "BusinessLayer", "BusinessLayer\BusinessLayer.csproj", "{FC81FBBA-5BB2-4171-8B32-FF622D5561CE}"
EndProject
Project("{FAE04EC0-301F-11D3-BF4B-00C04F79EFBC}") = "CoreLayer", "CoreLayer\CoreLayer.csproj", "{F4EAE842-C5E7-4D6D-9295-F078428910F6}"
EndProject
Global
	GlobalSection(SolutionConfigurationPlatforms) = preSolution
		Debug|Any CPU = Debug|Any CPU
		Release|Any CPU = Release|Any CPU
	EndGlobalSection
	GlobalSection(ProjectConfigurationPlatforms) = postSolution
		{D1EE7377-A35A-4BE2-AB42-BC995B305006}.Debug|Any CPU.ActiveCfg = Debug|Any CPU
		{D1EE7377-A35A-4BE2-AB42-BC995B305006}.Debug|Any CPU.Build.0 = Debug|Any CPU
		{D1EE7377-A35A-4BE2-AB42-BC995B305006}.Release|Any CPU.ActiveCfg = Release|Any CPU
		{D1EE7377-A35A-4BE2-AB42-BC995B305006}.Release|Any CPU.Build.0 = Release|Any CPU
		{1B4ED493-5E4A-4488-9072-816E1223F76F}.Debug|Any CPU.ActiveCfg = Debug|Any CPU
		{1B4ED493-5E4A-4488-9072-816E1223F76F}.Debug|Any CPU.Build.0 = Debug|Any CPU
		{1B4ED493-5E4A-4488-9072-816E1223F76F}.Release|Any CPU.ActiveCfg = Release|Any CPU
		{1B4ED493-5E4A-4488-9072-816E1223F76F}.Release|Any CPU.Build.0 = Release|Any CPU
		{E5DB8453-4BF4-413E-95AF-7685EBFEC863}.Debug|Any CPU.ActiveCfg = Debug|Any CPU
		{E5DB8453-4BF4-413E-95AF-7685EBFEC863}.Debug|Any CPU.Build.0 = Debug|Any CPU
		{E5DB8453-4BF4-413E-95AF-7685EBFEC863}.Release|Any CPU.ActiveCfg = Release|Any CPU
		{E5DB8453-4BF4-413E-95AF-7685EBFEC863}.Release|Any CPU.Build.0 = Release|Any CPU
		{FC81FBBA-5BB2-4171-8B32-FF622D5561CE}.Debug|Any CPU.ActiveCfg = Debug|Any CPU
		{FC81FBBA-5BB2-4171-8B32-FF622D5561CE}.Debug|Any CPU.Build.0 = Debug|Any CPU
		{FC81FBBA-5BB2-4171-8B32-FF622D5561CE}.Release|Any CPU.ActiveCfg = Release|Any CPU
		{FC81FBBA-5BB2-4171-8B32-FF622D5561CE}.Release|Any CPU.Build.0 = Release|Any CPU
		{F4EAE842-C5E7-4D6D-9295-F078428910F6}.Debug|Any CPU.ActiveCfg = Debug|Any CPU
		{F4EAE842-C5E7-4D6D-9295-F078428910F6}.Debug|Any CPU.Build.0 = Debug|Any CPU
		{F4EAE842-C5E7-4D6D-9295-F078428910F6}.Release|Any CPU.ActiveCfg = Release|Any CPU
		{F4EAE842-C5E7-4D6D-9295-F078428910F6}.Release|Any CPU.Build.0 = Release|Any CPU
	EndGlobalSection
	GlobalSection(SolutionProperties) = preSolution
		HideSolutionNode = FALSE
	EndGlobalSection
	GlobalSection(ExtensibilityGlobals) = postSolution
		SolutionGuid = {2457509B-EAD7-4C4E-854E-C742924D510B}
	EndGlobalSection
EndGlobal
